
Microsoft Visual Studio Solution File, Format Version 12.00
# Visual Studio Version 17
VisualStudioVersion = 17.4.33213.308
MinimumVisualStudioVersion = 10.0.40219.1
Project("{8BC9CEB8-8B4A-11D0-8D11-00A0C91BC942}") = "top-right-noti", "top-right-noti\top-right-noti.vcxproj", "{922E1C62-5962-4D94-ACE3-DB0D9D3EDAEF}"
EndProject
Global
	GlobalSection(SolutionConfigurationPlatforms) = preSolution
		Debug|x64 = Debug|x64
		Debug|x86 = Debug|x86
		Release|x64 = Release|x64
		Release|x86 = Release|x86
	EndGlobalSection
	GlobalSection(ProjectConfigurationPlatforms) = postSolution
		{922E1C62-5962-4D94-ACE3-DB0D9D3EDAEF}.Debug|x64.ActiveCfg = Debug|x64
		{922E1C62-5962-4D94-ACE3-DB0D9D3EDAEF}.Debug|x64.Build.0 = Debug|x64
		{922E1C62-5962-4D94-ACE3-DB0D9D3EDAEF}.Debug|x86.ActiveCfg = Debug|Win32
		{922E1C62-5962-4D94-ACE3-DB0D9D3EDAEF}.Debug|x86.Build.0 = Debug|Win32
		{922E1C62-5962-4D94-ACE3-DB0D9D3EDAEF}.Release|x64.ActiveCfg = Release|x64
		{922E1C62-5962-4D94-ACE3-DB0D9D3EDAEF}.Release|x64.Build.0 = Release|x64
		{922E1C62-5962-4D94-ACE3-DB0D9D3EDAEF}.Release|x86.ActiveCfg = Release|Win32
		{922E1C62-5962-4D94-ACE3-DB0D9D3EDAEF}.Release|x86.Build.0 = Release|Win32
	EndGlobalSection
	GlobalSection(SolutionProperties) = preSolution
		HideSolutionNode = FALSE
	EndGlobalSection
	GlobalSection(ExtensibilityGlobals) = postSolution
		SolutionGuid = {8FA66F56-2ED7-42CC-93EB-8ED66E4CDCD6}
	EndGlobalSection
EndGlobal
